<?xml version="1.0" encoding="utf-8"?>
<Project ToolsVersion="4.0" xmlns="http://schemas.microsoft.com/developer/msbuild/2003">
  <ItemGroup>
    <Filter Include="Source Files">
      <UniqueIdentifier>{4FC737F1-C7A5-4376-A066-2A32D752A2FF}</UniqueIdentifier>
      <Extensions>cpp;c;cc;cxx;def;odl;idl;hpj;bat;asm;asmx</Extensions>
    </Filter>
    <Filter Include="Header Files">
      <UniqueIdentifier>{93995380-89BD-4b04-88EB-625FBE52EBFB}</UniqueIdentifier>
      <Extensions>h;hh;hpp;hxx;hm;inl;inc;ipp;xsd</Extensions>
    </Filter>
    <Filter Include="Resource Files">
      <UniqueIdentifier>{67DA6AB6-F800-4c08-8B7A-83BB121AAD01}</UniqueIdentifier>
      <Extensions>rc;ico;cur;bmp;dlg;rc2;rct;bin;rgs;gif;jpg;jpeg;jpe;resx;tiff;tif;png;wav;mfcribbon-ms</Extensions>
    </Filter>
  </ItemGroup>
  <ItemGroup>
    <ClCompile Include="..\Dependencies\Project-src\Glad\src\glad.c">
      <Filter>Source Files</Filter>
    </ClCompile>
    <ClCompile Include="src\Engine\Core\Renderer\Graphics-API\Opengl\OpenglRenderer.cpp">
      <Filter>Source Files</Filter>
    </ClCompile>
    <ClCompile Include="src\Engine\Core\Renderer\Graphics-API\Opengl\OpenglRendererCommand.cpp">
      <Filter>Source Files</Filter>
    </ClCompile>
    <ClCompile Include="src\Engine\Core\Renderer\Graphics-API\Opengl\OpenglShader.cpp">
      <Filter>Source Files</Filter>
    </ClCompile>
    <ClCompile Include="src\Engine\Core\Renderer\Graphics-API\Opengl\OpenglTexture.cpp">
      <Filter>Source Files</Filter>
    </ClCompile>
    <ClCompile Include="src\Engine\Core\Renderer\RendererAPI.cpp">
      <Filter>Source Files</Filter>
    </ClCompile>
    <ClCompile Include="src\Engine\Core\Window\NativeWindow\GLFW\GLFW_Window.cpp">
      <Filter>Source Files</Filter>
    </ClCompile>
    <ClCompile Include="src\Engine\Core\Window\WindowAPI.cpp">
      <Filter>Source Files</Filter>
    </ClCompile>
    <ClCompile Include="src\Engine\AnimationComponent.cpp">
      <Filter>Source Files</Filter>
    </ClCompile>
    <ClCompile Include="src\Engine\GameObject.cpp">
      <Filter>Source Files</Filter>
    </ClCompile>
    <ClCompile Include="src\Engine\GraphicsComponent.cpp">
      <Filter>Source Files</Filter>
    </ClCompile>
    <ClCompile Include="src\Engine\PhysicsComponent.cpp">
      <Filter>Source Files</Filter>
    </ClCompile>
    <ClCompile Include="src\Engine\TargetIntegratorComponent.cpp">
      <Filter>Source Files</Filter>
    </ClCompile>
    <ClCompile Include="src\SandBox\SandBoxGame.cpp">
      <Filter>Source Files</Filter>
    </ClCompile>
    <ClCompile Include="src\Engine\Utilities\Camera2D.cpp">
      <Filter>Source Files</Filter>
    </ClCompile>
    <ClCompile Include="src\Engine\Utilities\InputManager.cpp">
      <Filter>Source Files</Filter>
    </ClCompile>
    <ClCompile Include="src\Engine\Utilities\main.cpp">
      <Filter>Source Files</Filter>
    </ClCompile>
    <ClCompile Include="src\Engine\Utilities\TimeSteps.cpp">
      <Filter>Source Files</Filter>
    </ClCompile>
    <ClCompile Include="src\SandBox\ECS\Ball\BallPhysics.cpp">
      <Filter>Source Files</Filter>
    </ClCompile>
    <ClCompile Include="src\SandBox\ECS\Particles\FlamePhysicsParticleGenerator.cpp">
      <Filter>Source Files</Filter>
    </ClCompile>
    <ClCompile Include="src\SandBox\ECS\Particles\FlamePhysicsParticleGenerator.h">
      <Filter>Source Files</Filter>
    </ClCompile>
    <ClCompile Include="src\SandBox\ECS\Players\Cannon\Cannon_Input.cpp">
      <Filter>Source Files</Filter>
    </ClCompile>
    <ClCompile Include="src\SandBox\ECS\Players\NPCDemo\NPCAnimation.cpp">
      <Filter>Source Files</Filter>
    </ClCompile>
    <ClCompile Include="src\SandBox\ECS\Players\NPCDemo\NPCBehaviour.cpp">
      <Filter>Source Files</Filter>
    </ClCompile>
    <ClCompile Include="src\SandBox\ECS\Players\NPCDemo\NPCPhysics.cpp">
      <Filter>Source Files</Filter>
    </ClCompile>
    <ClCompile Include="src\SandBox\ECS\Players\PlayerDemo\PlayerAnimation.cpp">
      <Filter>Source Files</Filter>
    </ClCompile>
    <ClCompile Include="src\SandBox\ECS\Players\PlayerDemo\PlayerInput.cpp">
      <Filter>Source Files</Filter>
    </ClCompile>
    <ClCompile Include="src\SandBox\ECS\Players\PlayerDemo\PlayerPhysics.cpp">
      <Filter>Source Files</Filter>
    </ClCompile>
    <ClCompile Include="src\SandBox\ECS\Terrain\LandPhysics.cpp">
      <Filter>Source Files</Filter>
    </ClCompile>
  </ItemGroup>
  <ItemGroup>
    <ClInclude Include="src\Engine\Core\Renderer\Graphics-API\Opengl\OpenglRenderer.h">
      <Filter>Header Files</Filter>
    </ClInclude>
    <ClInclude Include="src\Engine\Core\Renderer\Graphics-API\Opengl\OpenglRendererCommand.h">
      <Filter>Header Files</Filter>
    </ClInclude>
    <ClInclude Include="src\Engine\Core\Renderer\Graphics-API\Opengl\OpenglShader.h">
      <Filter>Header Files</Filter>
    </ClInclude>
    <ClInclude Include="src\Engine\Core\Renderer\Graphics-API\Opengl\OpenglTexture.h">
      <Filter>Header Files</Filter>
    </ClInclude>
    <ClInclude Include="src\Engine\Core\Renderer\Graphics-API\Renderer.h">
      <Filter>Header Files</Filter>
    </ClInclude>
    <ClInclude Include="src\Engine\Core\Renderer\Graphics-API\RendererCommand.h">
      <Filter>Header Files</Filter>
    </ClInclude>
    <ClInclude Include="src\Engine\Core\Renderer\Graphics-API\Shader.h">
      <Filter>Header Files</Filter>
    </ClInclude>
    <ClInclude Include="src\Engine\Core\Renderer\Graphics-API\Texture.h">
      <Filter>Header Files</Filter>
    </ClInclude>
    <ClInclude Include="src\Engine\Core\Renderer\RendererAPI.h">
      <Filter>Header Files</Filter>
    </ClInclude>
    <ClInclude Include="src\Engine\Core\Window\NativeWindow\GLFW\GLFW_Window.h">
      <Filter>Header Files</Filter>
    </ClInclude>
    <ClInclude Include="src\Engine\Core\Window\NativeWindow\Window.h">
      <Filter>Header Files</Filter>
    </ClInclude>
    <ClInclude Include="src\Engine\Core\Window\WindowAPI.h">
      <Filter>Header Files</Filter>
    </ClInclude>
    <ClInclude Include="src\Engine\AnimationComponent.h">
      <Filter>Header Files</Filter>
    </ClInclude>
    <ClInclude Include="src\Engine\Component.h">
      <Filter>Header Files</Filter>
    </ClInclude>
    <ClInclude Include="src\Engine\GameObject.h">
      <Filter>Header Files</Filter>
    </ClInclude>
    <ClInclude Include="src\Engine\GraphicsComponent.h">
      <Filter>Header Files</Filter>
    </ClInclude>
    <ClInclude Include="src\Engine\InputComponent.h">
      <Filter>Header Files</Filter>
    </ClInclude>
    <ClInclude Include="src\Engine\ParticlePhysicsGeneratorComponent.h">
      <Filter>Header Files</Filter>
    </ClInclude>
    <ClInclude Include="src\Engine\PhysicsComponent.h">
      <Filter>Header Files</Filter>
    </ClInclude>
    <ClInclude Include="src\Engine\TargetIntegratorComponent.h">
      <Filter>Header Files</Filter>
    </ClInclude>
    <ClInclude Include="src\SandBox\SandBoxGame.h">
      <Filter>Header Files</Filter>
    </ClInclude>
    <ClInclude Include="src\Engine\Utilities\Camera2D.h">
      <Filter>Header Files</Filter>
    </ClInclude>
    <ClInclude Include="src\Engine\Utilities\InputManager.h">
      <Filter>Header Files</Filter>
    </ClInclude>
    <ClInclude Include="src\Engine\Utilities\TimeSteps.h">
      <Filter>Header Files</Filter>
    </ClInclude>
    <ClInclude Include="src\SandBox\ECS\Ball\BallPhysics.h">
      <Filter>Header Files</Filter>
    </ClInclude>
    <ClInclude Include="src\SandBox\ECS\Players\Cannon\Cannon_Input.h">
      <Filter>Header Files</Filter>
    </ClInclude>
    <ClInclude Include="src\SandBox\ECS\Players\NPCDemo\NPCAnimation.h">
      <Filter>Header Files</Filter>
    </ClInclude>
    <ClInclude Include="src\SandBox\ECS\Players\NPCDemo\NPCBehaviour.h">
      <Filter>Header Files</Filter>
    </ClInclude>
    <ClInclude Include="src\SandBox\ECS\Players\NPCDemo\NPCPhysics.h">
      <Filter>Header Files</Filter>
    </ClInclude>
    <ClInclude Include="src\SandBox\ECS\Players\PlayerDemo\PlayerAnimation.h">
      <Filter>Header Files</Filter>
    </ClInclude>
    <ClInclude Include="src\SandBox\ECS\Players\PlayerDemo\PlayerInput.h">
      <Filter>Header Files</Filter>
    </ClInclude>
    <ClInclude Include="src\SandBox\ECS\Players\PlayerDemo\PlayerPhysics.h">
      <Filter>Header Files</Filter>
    </ClInclude>
    <ClInclude Include="src\SandBox\ECS\Terrain\LandPhysics.h">
      <Filter>Header Files</Filter>
    </ClInclude>
    <ClInclude Include="src\SandBox\ECS\ObjectID.h">
      <Filter>Header Files</Filter>
    </ClInclude>
  </ItemGroup>
  <ItemGroup>
    <None Include="src\SandBox\Assets\Shaders\Framebuffers_ScreenShaders.glsl" />
    <None Include="src\SandBox\Assets\Shaders\ParticleShaders.glsl" />
    <None Include="src\SandBox\Assets\Shaders\SpriteShaders.glsl" />
    <None Include="src\SandBox\Assets\Shaders\TracerShaders.glsl" />
  </ItemGroup>
</Project>